# This file is generated by running "yarn install" inside your project.
# Manual changes might be lost - proceed with caution!

__metadata:
  version: 8
  cacheKey: 10c0

"fake-contact-details-checker@workspace:.":
  version: 0.0.0-use.local
  resolution: "fake-contact-details-checker@workspace:."
  dependencies:
    fakefilter: "npm:^0.1.1476"
  languageName: unknown
  linkType: soft

"fakefilter@npm:^0.1.1476":
  version: 0.1.1476
  resolution: "fakefilter@npm:0.1.1476"
  checksum: 10c0/9ebb69d46d2cd03ab04e34480543aa92d5512a135272635ab6f45d9e74aaaac2a9cf6ba730e77d3f51c0d00a1d216602324047cb024957c5337768973f3e7733
  languageName: node
  linkType: hard
